
Microsoft Visual Studio Solution File, Format Version 12.00
# Visual Studio 2015
Project("{FAE04EC0-301F-11D3-BF4B-00C04F79EFBC}") = "UnityVS.TextureOptimize", "UnityVS.TextureOptimize.csproj", "{047D5953-615D-7AB5-90D6-DE35DE0E9EB4}"
EndProject
Project("{FAE04EC0-301F-11D3-BF4B-00C04F79EFBC}") = "UnityVS.TextureOptimize.Editor", "UnityVS.TextureOptimize.Editor.csproj", "{13FE20B3-25FA-E3BF-5266-9BFEAEF0E405}"
EndProject
Global
	GlobalSection(SolutionConfigurationPlatforms) = preSolution
		Debug|Any CPU = Debug|Any CPU
		Release|Any CPU = Release|Any CPU
	EndGlobalSection
	GlobalSection(ProjectConfigurationPlatforms) = postSolution
		{047D5953-615D-7AB5-90D6-DE35DE0E9EB4}.Debug|Any CPU.ActiveCfg = Debug|Any CPU
		{047D5953-615D-7AB5-90D6-DE35DE0E9EB4}.Debug|Any CPU.Build.0 = Debug|Any CPU
		{047D5953-615D-7AB5-90D6-DE35DE0E9EB4}.Release|Any CPU.ActiveCfg = Release|Any CPU
		{047D5953-615D-7AB5-90D6-DE35DE0E9EB4}.Release|Any CPU.Build.0 = Release|Any CPU
		{13FE20B3-25FA-E3BF-5266-9BFEAEF0E405}.Debug|Any CPU.ActiveCfg = Debug|Any CPU
		{13FE20B3-25FA-E3BF-5266-9BFEAEF0E405}.Debug|Any CPU.Build.0 = Debug|Any CPU
		{13FE20B3-25FA-E3BF-5266-9BFEAEF0E405}.Release|Any CPU.ActiveCfg = Release|Any CPU
		{13FE20B3-25FA-E3BF-5266-9BFEAEF0E405}.Release|Any CPU.Build.0 = Release|Any CPU
	EndGlobalSection
	GlobalSection(SolutionProperties) = preSolution
		HideSolutionNode = FALSE
	EndGlobalSection
EndGlobal
